
Microsoft Visual Studio Solution File, Format Version 12.00
# Visual Studio Version 16
VisualStudioVersion = 16.0.30128.74
MinimumVisualStudioVersion = 10.0.40219.1
Project("{FAE04EC0-301F-11D3-BF4B-00C04F79EFBC}") = "Paint in console", "Paint in console.csproj", "{B7599A08-368E-43A8-9CA4-1AAAE69C5E53}"
EndProject
Global
	GlobalSection(SolutionConfigurationPlatforms) = preSolution
		Debug|Any CPU = Debug|Any CPU
		Release|Any CPU = Release|Any CPU
	EndGlobalSection
	GlobalSection(ProjectConfigurationPlatforms) = postSolution
		{B7599A08-368E-43A8-9CA4-1AAAE69C5E53}.Debug|Any CPU.ActiveCfg = Debug|Any CPU
		{B7599A08-368E-43A8-9CA4-1AAAE69C5E53}.Debug|Any CPU.Build.0 = Debug|Any CPU
		{B7599A08-368E-43A8-9CA4-1AAAE69C5E53}.Release|Any CPU.ActiveCfg = Release|Any CPU
		{B7599A08-368E-43A8-9CA4-1AAAE69C5E53}.Release|Any CPU.Build.0 = Release|Any CPU
	EndGlobalSection
	GlobalSection(SolutionProperties) = preSolution
		HideSolutionNode = FALSE
	EndGlobalSection
	GlobalSection(ExtensibilityGlobals) = postSolution
		SolutionGuid = {A6D91934-77A8-4166-9289-6ECFCB372F29}
	EndGlobalSection
EndGlobal
